// !$*UTF8*$!
{
	archiveVersion = 1;
	classes = {
	};
	objectVersion = 50;
	objects = {

/* Begin PBXBuildFile section */
		B282CE0825CEC7E60084D9DF /* AppDelegate.swift in Sources */ = {isa = PBXBuildFile; fileRef = B282CE0725CEC7E60084D9DF /* AppDelegate.swift */; };
		B282CE0A25CEC7E60084D9DF /* SceneDelegate.swift in Sources */ = {isa = PBXBuildFile; fileRef = B282CE0925CEC7E60084D9DF /* SceneDelegate.swift */; };
		B282CE0C25CEC7E60084D9DF /* ViewController.swift in Sources */ = {isa = PBXBuildFile; fileRef = B282CE0B25CEC7E60084D9DF /* ViewController.swift */; };
		B282CE0F25CEC7E60084D9DF /* Main.storyboard in Resources */ = {isa = PBXBuildFile; fileRef = B282CE0D25CEC7E60084D9DF /* Main.storyboard */; };
		B282CE1125CEC7E70084D9DF /* Assets.xcassets in Resources */ = {isa = PBXBuildFile; fileRef = B282CE1025CEC7E70084D9DF /* Assets.xcassets */; };
		B282CE1425CEC7E70084D9DF /* LaunchScreen.storyboard in Resources */ = {isa = PBXBuildFile; fileRef = B282CE1225CEC7E70084D9DF /* LaunchScreen.storyboard */; };
		B282CE1D25CEDC4C0084D9DF /* PlacesTableViewController.swift in Sources */ = {isa = PBXBuildFile; fileRef = B282CE1C25CEDC4C0084D9DF /* PlacesTableViewController.swift */; };
		B282CE2325CFCBF20084D9DF /* CoreLocation.framework in Frameworks */ = {isa = PBXBuildFile; fileRef = B282CE2025CFCB9D0084D9DF /* CoreLocation.framework */; };
/* End PBXBuildFile section */

/* Begin PBXFileReference section */
		B282CE0425CEC7E60084D9DF /* MemorablePlace.app */ = {isa = PBXFileReference; explicitFileType = wrapper.application; includeInIndex = 0; path = MemorablePlace.app; sourceTree = BUILT_PRODUCTS_DIR; };
		B282CE0725CEC7E60084D9DF /* AppDelegate.swift */ = {isa = PBXFileReference; lastKnownFileType = sourcecode.swift; path = AppDelegate.swift; sourceTree = "<group>"; };
		B282CE0925CEC7E60084D9DF /* SceneDelegate.swift */ = {isa = PBXFileReference; lastKnownFileType = sourcecode.swift; path = SceneDelegate.swift; sourceTree = "<group>"; };
		B282CE0B25CEC7E60084D9DF /* ViewController.swift */ = {isa = PBXFileReference; lastKnownFileType = sourcecode.swift; path = ViewController.swift; sourceTree = "<group>"; };
		B282CE0E25CEC7E60084D9DF /* Base */ = {isa = PBXFileReference; lastKnownFileType = file.storyboard; name = Base; path = Base.lproj/Main.storyboard; sourceTree = "<group>"; };
		B282CE1025CEC7E70084D9DF /* Assets.xcassets */ = {isa = PBXFileReference; lastKnownFileType = folder.assetcatalog; path = Assets.xcassets; sourceTree = "<group>"; };
		B282CE1325CEC7E70084D9DF /* Base */ = {isa = PBXFileReference; lastKnownFileType = file.storyboard; name = Base; path = Base.lproj/LaunchScreen.storyboard; sourceTree = "<group>"; };
		B282CE1525CEC7E70084D9DF /* Info.plist */ = {isa = PBXFileReference; lastKnownFileType = text.plist.xml; path = Info.plist; sourceTree = "<group>"; };
		B282CE1C25CEDC4C0084D9DF /* PlacesTableViewController.swift */ = {isa = PBXFileReference; lastKnownFileType = sourcecode.swift; path = PlacesTableViewController.swift; sourceTree = "<group>"; };
		B282CE2025CFCB9D0084D9DF /* CoreLocation.framework */ = {isa = PBXFileReference; lastKnownFileType = wrapper.framework; name = CoreLocation.framework; path = System/Library/Frameworks/CoreLocation.framework; sourceTree = SDKROOT; };
/* End PBXFileReference section */

/* Begin PBXFrameworksBuildPhase section */
		B282CE0125CEC7E60084D9DF /* Frameworks */ = {
			isa = PBXFrameworksBuildPhase;
			buildActionMask = 2147483647;
			files = (
				B282CE2325CFCBF20084D9DF /* CoreLocation.framework in Frameworks */,
			);
			runOnlyForDeploymentPostprocessing = 0;
		};
/* End PBXFrameworksBuildPhase section */

/* Begin PBXGroup section */
		B282CDFB25CEC7E60084D9DF = {
			isa = PBXGroup;
			children = (
				B282CE0625CEC7E60084D9DF /* MemorablePlace */,
				B282CE0525CEC7E60084D9DF /* Products */,
				B282CE1F25CFCB9D0084D9DF /* Frameworks */,
			);
			sourceTree = "<group>";
		};
		B282CE0525CEC7E60084D9DF /* Products */ = {
			isa = PBXGroup;
			children = (
				B282CE0425CEC7E60084D9DF /* MemorablePlace.app */,
			);
			name = Products;
			sourceTree = "<group>";
		};
		B282CE0625CEC7E60084D9DF /* MemorablePlace */ = {
			isa = PBXGroup;
			children = (
				B282CE0725CEC7E60084D9DF /* AppDelegate.swift */,
				B282CE0925CEC7E60084D9DF /* SceneDelegate.swift */,
				B282CE0B25CEC7E60084D9DF /* ViewController.swift */,
				B282CE0D25CEC7E60084D9DF /* Main.storyboard */,
				B282CE1C25CEDC4C0084D9DF /* PlacesTableViewController.swift */,
				B282CE1025CEC7E70084D9DF /* Assets.xcassets */,
				B282CE1225CEC7E70084D9DF /* LaunchScreen.storyboard */,
				B282CE1525CEC7E70084D9DF /* Info.plist */,
			);
			path = MemorablePlace;
			sourceTree = "<group>";
		};
		B282CE1F25CFCB9D0084D9DF /* Frameworks */ = {
			isa = PBXGroup;
			children = (
				B282CE2025CFCB9D0084D9DF /* CoreLocation.framework */,
			);
			name = Frameworks;
			sourceTree = "<group>";
		};
/* End PBXGroup section */

/* Begin PBXNativeTarget section */
		B282CE0325CEC7E60084D9DF /* MemorablePlace */ = {
			isa = PBXNativeTarget;
			buildConfigurationList = B282CE1825CEC7E70084D9DF /* Build configuration list for PBXNativeTarget "MemorablePlace" */;
			buildPhases = (
				B282CE0025CEC7E60084D9DF /* Sources */,
				B282CE0125CEC7E60084D9DF /* Frameworks */,
				B282CE0225CEC7E60084D9DF /* Resources */,
			);
			buildRules = (
			);
			dependencies = (
			);
			name = MemorablePlace;
			productName = MemorablePlace;
			productReference = B282CE0425CEC7E60084D9DF /* MemorablePlace.app */;
			productType = "com.apple.product-type.application";
		};
/* End PBXNativeTarget section */

/* Begin PBXProject section */
		B282CDFC25CEC7E60084D9DF /* Project object */ = {
			isa = PBXProject;
			attributes = {
				LastSwiftUpdateCheck = 1230;
				LastUpgradeCheck = 1230;
				TargetAttributes = {
					B282CE0325CEC7E60084D9DF = {
						CreatedOnToolsVersion = 12.3;
					};
				};
			};
			buildConfigurationList = B282CDFF25CEC7E60084D9DF /* Build configuration list for PBXProject "MemorablePlace" */;
			compatibilityVersion = "Xcode 9.3";
			developmentRegion = en;
			hasScannedForEncodings = 0;
			knownRegions = (
				en,
				Base,
			);
			mainGroup = B282CDFB25CEC7E60084D9DF;
			productRefGroup = B282CE0525CEC7E60084D9DF /* Products */;
			projectDirPath = "";
			projectRoot = "";
			targets = (
				B282CE0325CEC7E60084D9DF /* MemorablePlace */,
			);
		};
/* End PBXProject section */

/* Begin PBXResourcesBuildPhase section */
		B282CE0225CEC7E60084D9DF /* Resources */ = {
			isa = PBXResourcesBuildPhase;
			buildActionMask = 2147483647;
			files = (
				B282CE1425CEC7E70084D9DF /* LaunchScreen.storyboard in Resources */,
				B282CE1125CEC7E70084D9DF /* Assets.xcassets in Resources */,
				B282CE0F25CEC7E60084D9DF /* Main.storyboard in Resources */,
			);
			runOnlyForDeploymentPostprocessing = 0;
		};
/* End PBXResourcesBuildPhase section */

/* Begin PBXSourcesBuildPhase section */
		B282CE0025CEC7E60084D9DF /* Sources */ = {
			isa = PBXSourcesBuildPhase;
			buildActionMask = 2147483647;
			files = (
				B282CE0C25CEC7E60084D9DF /* ViewController.swift in Sources */,
				B282CE1D25CEDC4C0084D9DF /* PlacesTableViewController.swift in Sources */,
				B282CE0825CEC7E60084D9DF /* AppDelegate.swift in Sources */,
				B282CE0A25CEC7E60084D9DF /* SceneDelegate.swift in Sources */,
			);
			runOnlyForDeploymentPostprocessing = 0;
		};
/* End PBXSourcesBuildPhase section */

/* Begin PBXVariantGroup section */
		B282CE0D25CEC7E60084D9DF /* Main.storyboard */ = {
			isa = PBXVariantGroup;
			children = (
				B282CE0E25CEC7E60084D9DF /* Base */,
			);
			name = Main.storyboard;
			sourceTree = "<group>";
		};
		B282CE1225CEC7E70084D9DF /* LaunchScreen.storyboard */ = {
			isa = PBXVariantGroup;
			children = (
				B282CE1325CEC7E70084D9DF /* Base */,
			);
			name = LaunchScreen.storyboard;
			sourceTree = "<group>";
		};
/* End PBXVariantGroup section */

/* Begin XCBuildConfiguration section */
		B282CE1625CEC7E70084D9DF /* Debug */ = {
			isa = XCBuildConfiguration;
			buildSettings = {
				ALWAYS_SEARCH_USER_PATHS = NO;
				CLANG_ANALYZER_NONNULL = YES;
				CLANG_ANALYZER_NUMBER_OBJECT_CONVERSION = YES_AGGRESSIVE;
				CLANG_CXX_LANGUAGE_STANDARD = "gnu++14";
				CLANG_CXX_LIBRARY = "libc++";
				CLANG_ENABLE_MODULES = YES;
				CLANG_ENABLE_OBJC_ARC = YES;
				CLANG_ENABLE_OBJC_WEAK = YES;
				CLANG_WARN_BLOCK_CAPTURE_AUTORELEASING = YES;
				CLANG_WARN_BOOL_CONVERSION = YES;
				CLANG_WARN_COMMA = YES;
				CLANG_WARN_CONSTANT_CONVERSION = YES;
				CLANG_WARN_DEPRECATED_OBJC_IMPLEMENTATIONS = YES;
				CLANG_WARN_DIRECT_OBJC_ISA_USAGE = YES_ERROR;
				CLANG_WARN_DOCUMENTATION_COMMENTS = YES;
				CLANG_WARN_EMPTY_BODY = YES;
				CLANG_WARN_ENUM_CONVERSION = YES;
				CLANG_WARN_INFINITE_RECURSION = YES;
				CLANG_WARN_INT_CONVERSION = YES;
				CLANG_WARN_NON_LITERAL_NULL_CONVERSION = YES;
				CLANG_WARN_OBJC_IMPLICIT_RETAIN_SELF = YES;
				CLANG_WARN_OBJC_LITERAL_CONVERSION = YES;
				CLANG_WARN_OBJC_ROOT_CLASS = YES_ERROR;
				CLANG_WARN_QUOTED_INCLUDE_IN_FRAMEWORK_HEADER = YES;
				CLANG_WARN_RANGE_LOOP_ANALYSIS = YES;
				CLANG_WARN_STRICT_PROTOTYPES = YES;
				CLANG_WARN_SUSPICIOUS_MOVE = YES;
				CLANG_WARN_UNGUARDED_AVAILABILITY = YES_AGGRESSIVE;
				CLANG_WARN_UNREACHABLE_CODE = YES;
				CLANG_WARN__DUPLICATE_METHOD_MATCH = YES;
				COPY_PHASE_STRIP = NO;
				DEBUG_INFORMATION_FORMAT = dwarf;
				ENABLE_STRICT_OBJC_MSGSEND = YES;
				ENABLE_TESTABILITY = YES;
				GCC_C_LANGUAGE_STANDARD = gnu11;
				GCC_DYNAMIC_NO_PIC = NO;
				GCC_NO_COMMON_BLOCKS = YES;
				GCC_OPTIMIZATION_LEVEL = 0;
				GCC_PREPROCESSOR_DEFINITIONS = (
					"DEBUG=1",
					"$(inherited)",
				);
				GCC_WARN_64_TO_32_BIT_CONVERSION = YES;
				GCC_WARN_ABOUT_RETURN_TYPE = YES_ERROR;
				GCC_WARN_UNDECLARED_SELECTOR = YES;
				GCC_WARN_UNINITIALIZED_AUTOS = YES_AGGRESSIVE;
				GCC_WARN_UNUSED_FUNCTION = YES;
				GCC_WARN_UNUSED_VARIABLE = YES;
				IPHONEOS_DEPLOYMENT_TARGET = 14.3;
				MTL_ENABLE_DEBUG_INFO = INCLUDE_SOURCE;
				MTL_FAST_MATH = YES;
				ONLY_ACTIVE_ARCH = YES;
				SDKROOT = iphoneos;
				SWIFT_ACTIVE_COMPILATION_CONDITIONS = DEBUG;
				SWIFT_OPTIMIZATION_LEVEL = "-Onone";
			};
			name = Debug;
		};
		B282CE1725CEC7E70084D9DF /* Release */ = {
			isa = XCBuildConfiguration;
			buildSettings = {
				ALWAYS_SEARCH_USER_PATHS = NO;
				CLANG_ANALYZER_NONNULL = YES;
				CLANG_ANALYZER_NUMBER_OBJECT_CONVERSION = YES_AGGRESSIVE;
				CLANG_CXX_LANGUAGE_STANDARD = "gnu++14";
				CLANG_CXX_LIBRARY = "libc++";
				CLANG_ENABLE_MODULES = YES;
				CLANG_ENABLE_OBJC_ARC = YES;
				CLANG_ENABLE_OBJC_WEAK = YES;
				CLANG_WARN_BLOCK_CAPTURE_AUTORELEASING = YES;
				CLANG_WARN_BOOL_CONVERSION = YES;
				CLANG_WARN_COMMA = YES;
				CLANG_WARN_CONSTANT_CONVERSION = YES;
				CLANG_WARN_DEPRECATED_OBJC_IMPLEMENTATIONS = YES;
				CLANG_WARN_DIRECT_OBJC_ISA_USAGE = YES_ERROR;
				CLANG_WARN_DOCUMENTATION_COMMENTS = YES;
				CLANG_WARN_EMPTY_BODY = YES;
				CLANG_WARN_ENUM_CONVERSION = YES;
				CLANG_WARN_INFINITE_RECURSION = YES;
				CLANG_WARN_INT_CONVERSION = YES;
				CLANG_WARN_NON_LITERAL_NULL_CONVERSION = YES;
				CLANG_WARN_OBJC_IMPLICIT_RETAIN_SELF = YES;
				CLANG_WARN_OBJC_LITERAL_CONVERSION = YES;
				CLANG_WARN_OBJC_ROOT_CLASS = YES_ERROR;
				CLANG_WARN_QUOTED_INCLUDE_IN_FRAMEWORK_HEADER = YES;
				CLANG_WARN_RANGE_LOOP_ANALYSIS = YES;
				CLANG_WARN_STRICT_PROTOTYPES = YES;
				CLANG_WARN_SUSPICIOUS_MOVE = YES;
				CLANG_WARN_UNGUARDED_AVAILABILITY = YES_AGGRESSIVE;
				CLANG_WARN_UNREACHABLE_CODE = YES;
				CLANG_WARN__DUPLICATE_METHOD_MATCH = YES;
				COPY_PHASE_STRIP = NO;
				DEBUG_INFORMATION_FORMAT = "dwarf-with-dsym";
				ENABLE_NS_ASSERTIONS = NO;
				ENABLE_STRICT_OBJC_MSGSEND = YES;
				GCC_C_LANGUAGE_STANDARD = gnu11;
				GCC_NO_COMMON_BLOCKS = YES;
				GCC_WARN_64_TO_32_BIT_CONVERSION = YES;
				GCC_WARN_ABOUT_RETURN_TYPE = YES_ERROR;
				GCC_WARN_UNDECLARED_SELECTOR = YES;
				GCC_WARN_UNINITIALIZED_AUTOS = YES_AGGRESSIVE;
				GCC_WARN_UNUSED_FUNCTION = YES;
				GCC_WARN_UNUSED_VARIABLE = YES;
				IPHONEOS_DEPLOYMENT_TARGET = 14.3;
				MTL_ENABLE_DEBUG_INFO = NO;
				MTL_FAST_MATH = YES;
				SDKROOT = iphoneos;
				SWIFT_COMPILATION_MODE = wholemodule;
				SWIFT_OPTIMIZATION_LEVEL = "-O";
				VALIDATE_PRODUCT = YES;
			};
			name = Release;
		};
		B282CE1925CEC7E70084D9DF /* Debug */ = {
			isa = XCBuildConfiguration;
			buildSettings = {
				ASSETCATALOG_COMPILER_APPICON_NAME = AppIcon;
				ASSETCATALOG_COMPILER_GLOBAL_ACCENT_COLOR_NAME = AccentColor;
				CODE_SIGN_STYLE = Automatic;
				INFOPLIST_FILE = MemorablePlace/Info.plist;
				IPHONEOS_DEPLOYMENT_TARGET = 13.4;
				LD_RUNPATH_SEARCH_PATHS = (
					"$(inherited)",
					"@executable_path/Frameworks",
				);
				PRODUCT_BUNDLE_IDENTIFIER = "Radik-Nuriev.MemorablePlace";
				PRODUCT_NAME = "$(TARGET_NAME)";
				SWIFT_VERSION = 5.0;
				TARGETED_DEVICE_FAMILY = "1,2";
			};
			name = Debug;
		};
		B282CE1A25CEC7E70084D9DF /* Release */ = {
			isa = XCBuildConfiguration;
			buildSettings = {
				ASSETCATALOG_COMPILER_APPICON_NAME = AppIcon;
				ASSETCATALOG_COMPILER_GLOBAL_ACCENT_COLOR_NAME = AccentColor;
				CODE_SIGN_STYLE = Automatic;
				INFOPLIST_FILE = MemorablePlace/Info.plist;
				IPHONEOS_DEPLOYMENT_TARGET = 13.4;
				LD_RUNPATH_SEARCH_PATHS = (
					"$(inherited)",
					"@executable_path/Frameworks",
				);
				PRODUCT_BUNDLE_IDENTIFIER = "Radik-Nuriev.MemorablePlace";
				PRODUCT_NAME = "$(TARGET_NAME)";
				SWIFT_VERSION = 5.0;
				TARGETED_DEVICE_FAMILY = "1,2";
			};
			name = Release;
		};
/* End XCBuildConfiguration section */

/* Begin XCConfigurationList section */
		B282CDFF25CEC7E60084D9DF /* Build configuration list for PBXProject "MemorablePlace" */ = {
			isa = XCConfigurationList;
			buildConfigurations = (
				B282CE1625CEC7E70084D9DF /* Debug */,
				B282CE1725CEC7E70084D9DF /* Release */,
			);
			defaultConfigurationIsVisible = 0;
			defaultConfigurationName = Release;
		};
		B282CE1825CEC7E70084D9DF /* Build configuration list for PBXNativeTarget "MemorablePlace" */ = {
			isa = XCConfigurationList;
			buildConfigurations = (
				B282CE1925CEC7E70084D9DF /* Debug */,
				B282CE1A25CEC7E70084D9DF /* Release */,
			);
			defaultConfigurationIsVisible = 0;
			defaultConfigurationName = Release;
		};
/* End XCConfigurationList section */
	};
	rootObject = B282CDFC25CEC7E60084D9DF /* Project object */;
}
